
Microsoft Visual Studio Solution File, Format Version 12.00
# Visual Studio 14
VisualStudioVersion = 14.0.25420.1
MinimumVisualStudioVersion = 10.0.40219.1
Project("{2150E333-8FDC-42A3-9474-1A3956D46DE8}") = "Presentation", "Presentation", "{0798BE23-4414-438D-8EF8-30C4E87FE142}"
EndProject
Project("{2150E333-8FDC-42A3-9474-1A3956D46DE8}") = "Domain", "Domain", "{987FF615-5926-4345-8601-87304611B53C}"
EndProject
Project("{2150E333-8FDC-42A3-9474-1A3956D46DE8}") = "Infra", "Infra", "{3E0D73A0-7C07-4C51-9A54-B5D084C98E35}"
EndProject
Project("{2150E333-8FDC-42A3-9474-1A3956D46DE8}") = "Application", "Application", "{5E2A3FBC-C065-4E88-9734-F26FA1939574}"
EndProject
Project("{2150E333-8FDC-42A3-9474-1A3956D46DE8}") = "Data", "Data", "{D66298D9-0E24-4D86-8139-F068548F6AED}"
EndProject
Project("{FAE04EC0-301F-11D3-BF4B-00C04F79EFBC}") = "FinderJobs.Infra.Data", "FinderJobs.Infra\FinderJobs.Infra.Data\FinderJobs.Infra.Data.csproj", "{46073D1B-02BB-4B71-AF5D-50F8711C5179}"
EndProject
Project("{FAE04EC0-301F-11D3-BF4B-00C04F79EFBC}") = "FinderJobs.Application", "FinderJobs.Application\FinderJobs.Application.csproj", "{091BF198-1D1C-48A4-8E96-EBDDBDBA8CDE}"
EndProject
Project("{FAE04EC0-301F-11D3-BF4B-00C04F79EFBC}") = "FinderJobs.Domain", "FinderJobs.Domain\FinderJobs.Domain.csproj", "{50243246-22DB-420D-AC8C-831405F84468}"
EndProject
Project("{FAE04EC0-301F-11D3-BF4B-00C04F79EFBC}") = "FinderJobs.Site", "FinderJobs.Presentation\FinderJobs.Site.csproj", "{6BED91A9-A5BE-49B0-9078-08E0C51A3EEC}"
EndProject
Project("{FAE04EC0-301F-11D3-BF4B-00C04F79EFBC}") = "FinderJobs.Manager", "FinderJobs.Manager\FinderJobs.Manager.csproj", "{45CEF865-3CD1-4874-B8CD-5A40FC81EC6E}"
EndProject
Project("{2150E333-8FDC-42A3-9474-1A3956D46DE8}") = "Manager", "Manager", "{000ABD1D-C9ED-464A-8C62-983495F17906}"
EndProject
Project("{2150E333-8FDC-42A3-9474-1A3956D46DE8}") = "Uol.PagSeguro", "Uol.PagSeguro", "{401573D4-91D5-4E0B-A7A1-62FC50B494D6}"
EndProject
Project("{FAE04EC0-301F-11D3-BF4B-00C04F79EFBC}") = "Uol.PagSeguro", "Uol.PagSeguro\Uol.PagSeguro.csproj", "{BABC5658-6AFD-4F8E-81F1-434553663D99}"
EndProject
Project("{2150E333-8FDC-42A3-9474-1A3956D46DE8}") = "Integra", "Integra", "{9015E30F-96B3-4900-B05B-A0059E236E9C}"
EndProject
Project("{2150E333-8FDC-42A3-9474-1A3956D46DE8}") = "CrossCutting", "CrossCutting", "{EFE0D393-B284-45BC-BDF7-EB5AF775777A}"
EndProject
Project("{FAE04EC0-301F-11D3-BF4B-00C04F79EFBC}") = "FinderJobs.Infra.CrossCutting", "FinderJobs.Infra\FinderJobs.Infra.CrossCutting\FinderJobs.Infra.CrossCutting.csproj", "{DEC9455B-85C0-40E8-9B61-D5545E90BFCF}"
EndProject
Project("{FAE04EC0-301F-11D3-BF4B-00C04F79EFBC}") = "FinderJobs.EmailService", "FinderJobs.Integra\EmailService\FinderJobs.EmailService.csproj", "{3B6E8A73-64EE-4C5E-97C7-5CEFEC83193A}"
EndProject
Project("{FAE04EC0-301F-11D3-BF4B-00C04F79EFBC}") = "FinderJobs.Pagseguro", "FinderJobs.Integra\Pagseguro\FinderJobs.Pagseguro.csproj", "{E11BBD37-D8A5-484B-8834-95497D069456}"
EndProject
Project("{FAE04EC0-301F-11D3-BF4B-00C04F79EFBC}") = "Teste", "FinderJobs.Integra\Teste\Teste.csproj", "{22F498DF-D1F4-41A5-BF79-2CCA3798F0B9}"
EndProject
Global
	GlobalSection(SolutionConfigurationPlatforms) = preSolution
		Debug|Any CPU = Debug|Any CPU
		Release|Any CPU = Release|Any CPU
	EndGlobalSection
	GlobalSection(ProjectConfigurationPlatforms) = postSolution
		{46073D1B-02BB-4B71-AF5D-50F8711C5179}.Debug|Any CPU.ActiveCfg = Debug|Any CPU
		{46073D1B-02BB-4B71-AF5D-50F8711C5179}.Debug|Any CPU.Build.0 = Debug|Any CPU
		{46073D1B-02BB-4B71-AF5D-50F8711C5179}.Release|Any CPU.ActiveCfg = Release|Any CPU
		{46073D1B-02BB-4B71-AF5D-50F8711C5179}.Release|Any CPU.Build.0 = Release|Any CPU
		{091BF198-1D1C-48A4-8E96-EBDDBDBA8CDE}.Debug|Any CPU.ActiveCfg = Debug|Any CPU
		{091BF198-1D1C-48A4-8E96-EBDDBDBA8CDE}.Debug|Any CPU.Build.0 = Debug|Any CPU
		{091BF198-1D1C-48A4-8E96-EBDDBDBA8CDE}.Release|Any CPU.ActiveCfg = Release|Any CPU
		{091BF198-1D1C-48A4-8E96-EBDDBDBA8CDE}.Release|Any CPU.Build.0 = Release|Any CPU
		{50243246-22DB-420D-AC8C-831405F84468}.Debug|Any CPU.ActiveCfg = Debug|Any CPU
		{50243246-22DB-420D-AC8C-831405F84468}.Debug|Any CPU.Build.0 = Debug|Any CPU
		{50243246-22DB-420D-AC8C-831405F84468}.Release|Any CPU.ActiveCfg = Release|Any CPU
		{50243246-22DB-420D-AC8C-831405F84468}.Release|Any CPU.Build.0 = Release|Any CPU
		{6BED91A9-A5BE-49B0-9078-08E0C51A3EEC}.Debug|Any CPU.ActiveCfg = Debug|Any CPU
		{6BED91A9-A5BE-49B0-9078-08E0C51A3EEC}.Debug|Any CPU.Build.0 = Debug|Any CPU
		{6BED91A9-A5BE-49B0-9078-08E0C51A3EEC}.Release|Any CPU.ActiveCfg = Release|Any CPU
		{6BED91A9-A5BE-49B0-9078-08E0C51A3EEC}.Release|Any CPU.Build.0 = Release|Any CPU
		{45CEF865-3CD1-4874-B8CD-5A40FC81EC6E}.Debug|Any CPU.ActiveCfg = Debug|Any CPU
		{45CEF865-3CD1-4874-B8CD-5A40FC81EC6E}.Debug|Any CPU.Build.0 = Debug|Any CPU
		{45CEF865-3CD1-4874-B8CD-5A40FC81EC6E}.Release|Any CPU.ActiveCfg = Release|Any CPU
		{45CEF865-3CD1-4874-B8CD-5A40FC81EC6E}.Release|Any CPU.Build.0 = Release|Any CPU
		{BABC5658-6AFD-4F8E-81F1-434553663D99}.Debug|Any CPU.ActiveCfg = Debug|Any CPU
		{BABC5658-6AFD-4F8E-81F1-434553663D99}.Debug|Any CPU.Build.0 = Debug|Any CPU
		{BABC5658-6AFD-4F8E-81F1-434553663D99}.Release|Any CPU.ActiveCfg = Release|Any CPU
		{BABC5658-6AFD-4F8E-81F1-434553663D99}.Release|Any CPU.Build.0 = Release|Any CPU
		{DEC9455B-85C0-40E8-9B61-D5545E90BFCF}.Debug|Any CPU.ActiveCfg = Debug|Any CPU
		{DEC9455B-85C0-40E8-9B61-D5545E90BFCF}.Debug|Any CPU.Build.0 = Debug|Any CPU
		{DEC9455B-85C0-40E8-9B61-D5545E90BFCF}.Release|Any CPU.ActiveCfg = Release|Any CPU
		{DEC9455B-85C0-40E8-9B61-D5545E90BFCF}.Release|Any CPU.Build.0 = Release|Any CPU
		{3B6E8A73-64EE-4C5E-97C7-5CEFEC83193A}.Debug|Any CPU.ActiveCfg = Debug|Any CPU
		{3B6E8A73-64EE-4C5E-97C7-5CEFEC83193A}.Debug|Any CPU.Build.0 = Debug|Any CPU
		{3B6E8A73-64EE-4C5E-97C7-5CEFEC83193A}.Release|Any CPU.ActiveCfg = Release|Any CPU
		{3B6E8A73-64EE-4C5E-97C7-5CEFEC83193A}.Release|Any CPU.Build.0 = Release|Any CPU
		{E11BBD37-D8A5-484B-8834-95497D069456}.Debug|Any CPU.ActiveCfg = Debug|Any CPU
		{E11BBD37-D8A5-484B-8834-95497D069456}.Debug|Any CPU.Build.0 = Debug|Any CPU
		{E11BBD37-D8A5-484B-8834-95497D069456}.Release|Any CPU.ActiveCfg = Release|Any CPU
		{E11BBD37-D8A5-484B-8834-95497D069456}.Release|Any CPU.Build.0 = Release|Any CPU
		{22F498DF-D1F4-41A5-BF79-2CCA3798F0B9}.Debug|Any CPU.ActiveCfg = Debug|Any CPU
		{22F498DF-D1F4-41A5-BF79-2CCA3798F0B9}.Debug|Any CPU.Build.0 = Debug|Any CPU
		{22F498DF-D1F4-41A5-BF79-2CCA3798F0B9}.Release|Any CPU.ActiveCfg = Release|Any CPU
		{22F498DF-D1F4-41A5-BF79-2CCA3798F0B9}.Release|Any CPU.Build.0 = Release|Any CPU
	EndGlobalSection
	GlobalSection(SolutionProperties) = preSolution
		HideSolutionNode = FALSE
	EndGlobalSection
	GlobalSection(NestedProjects) = preSolution
		{D66298D9-0E24-4D86-8139-F068548F6AED} = {3E0D73A0-7C07-4C51-9A54-B5D084C98E35}
		{46073D1B-02BB-4B71-AF5D-50F8711C5179} = {D66298D9-0E24-4D86-8139-F068548F6AED}
		{091BF198-1D1C-48A4-8E96-EBDDBDBA8CDE} = {5E2A3FBC-C065-4E88-9734-F26FA1939574}
		{50243246-22DB-420D-AC8C-831405F84468} = {987FF615-5926-4345-8601-87304611B53C}
		{6BED91A9-A5BE-49B0-9078-08E0C51A3EEC} = {0798BE23-4414-438D-8EF8-30C4E87FE142}
		{45CEF865-3CD1-4874-B8CD-5A40FC81EC6E} = {000ABD1D-C9ED-464A-8C62-983495F17906}
		{BABC5658-6AFD-4F8E-81F1-434553663D99} = {401573D4-91D5-4E0B-A7A1-62FC50B494D6}
		{EFE0D393-B284-45BC-BDF7-EB5AF775777A} = {3E0D73A0-7C07-4C51-9A54-B5D084C98E35}
		{DEC9455B-85C0-40E8-9B61-D5545E90BFCF} = {EFE0D393-B284-45BC-BDF7-EB5AF775777A}
		{3B6E8A73-64EE-4C5E-97C7-5CEFEC83193A} = {9015E30F-96B3-4900-B05B-A0059E236E9C}
		{E11BBD37-D8A5-484B-8834-95497D069456} = {9015E30F-96B3-4900-B05B-A0059E236E9C}
		{22F498DF-D1F4-41A5-BF79-2CCA3798F0B9} = {9015E30F-96B3-4900-B05B-A0059E236E9C}
	EndGlobalSection
EndGlobal
